{
  "name": "Hydrolab Calibration App",
  "lockfileVersion": 3,
  "requires": true,
  "packages": {
    "": {
      "dependencies": {
        "@azure/msal-browser": "^4.11.0"
      }
    },
    "node_modules/@azure/msal-browser": {
      "version": "4.11.0",
      "resolved": "https://registry.npmjs.org/@azure/msal-browser/-/msal-browser-4.11.0.tgz",
      "integrity": "sha512-0p5Ut3wORMP+975AKvaSPIO4UytgsfAvJ7RxaTx+nkP+Hpkmm93AuiMkBWKI2x9tApU/SLgIyPz/ZwLYUIWb5Q==",
      "license": "MIT",
      "dependencies": {
        "@azure/msal-common": "15.5.1"
      },
      "engines": {
        "node": ">=0.8.0"
      }
    },
    "node_modules/@azure/msal-common": {
      "version": "15.5.1",
      "resolved": "https://registry.npmjs.org/@azure/msal-common/-/msal-common-15.5.1.tgz",
      "integrity": "sha512-oxK0khbc4Bg1bKQnqDr7ikULhVL2OHgSrIq0Vlh4b6+hm4r0lr6zPMQE8ZvmacJuh+ZZGKBM5iIObhF1q1QimQ==",
      "license": "MIT",
      "engines": {
        "node": ">=0.8.0"
      }
    }
  }
}
